
Microsoft Visual Studio Solution File, Format Version 12.00
# Visual Studio 2015
Project("{FAE04EC0-301F-11D3-BF4B-00C04F79EFBC}") = "The birdness.CSharp", "The birdness.CSharp.csproj", "{E62B33B2-1469-6D9E-173F-EC8FBCB2BDEF}"
EndProject
Global
	GlobalSection(SolutionConfigurationPlatforms) = preSolution
		Debug|Any CPU = Debug|Any CPU
		Release|Any CPU = Release|Any CPU
	EndGlobalSection
	GlobalSection(ProjectConfigurationPlatforms) = postSolution
		{E62B33B2-1469-6D9E-173F-EC8FBCB2BDEF}.Debug|Any CPU.ActiveCfg = Debug|Any CPU
		{E62B33B2-1469-6D9E-173F-EC8FBCB2BDEF}.Debug|Any CPU.Build.0 = Debug|Any CPU
		{E62B33B2-1469-6D9E-173F-EC8FBCB2BDEF}.Release|Any CPU.ActiveCfg = Release|Any CPU
		{E62B33B2-1469-6D9E-173F-EC8FBCB2BDEF}.Release|Any CPU.Build.0 = Release|Any CPU
	EndGlobalSection
	GlobalSection(SolutionProperties) = preSolution
		HideSolutionNode = FALSE
	EndGlobalSection
EndGlobal
