Microsoft Visual Studio Solution File, Format Version 11.00
# Visual Studio 2008

Project("{4C949833-61A3-F9B4-156B-11AF0E673453}") = "The-Birdness", "Assembly-CSharp.csproj", "{791CA32D-9A43-4484-9274-89871152B755}"
EndProject
Global
	GlobalSection(SolutionConfigurationPlatforms) = preSolution
		Debug|Any CPU = Debug|Any CPU
		Release|Any CPU = Release|Any CPU
	EndGlobalSection
	GlobalSection(ProjectConfigurationPlatforms) = postSolution
		{791CA32D-9A43-4484-9274-89871152B755}.Debug|Any CPU.ActiveCfg = Debug|Any CPU
		{791CA32D-9A43-4484-9274-89871152B755}.Debug|Any CPU.Build.0 = Debug|Any CPU
		{791CA32D-9A43-4484-9274-89871152B755}.Release|Any CPU.ActiveCfg = Release|Any CPU
		{791CA32D-9A43-4484-9274-89871152B755}.Release|Any CPU.Build.0 = Release|Any CPU
	EndGlobalSection
	GlobalSection(SolutionProperties) = preSolution
		HideSolutionNode = FALSE
	EndGlobalSection
	GlobalSection(MonoDevelopProperties) = preSolution
		StartupItem = Assembly-CSharp.csproj
	EndGlobalSection
EndGlobal
