
Microsoft Visual Studio Solution File, Format Version 12.00
# Visual Studio 2015
Project("{FAE04EC0-301F-11D3-BF4B-00C04F79EFBC}") = "The-Birdness.CSharp", "The-Birdness.CSharp.csproj", "{7214E70E-D380-DF29-2C62-E26E01A564BF}"
EndProject
Global
	GlobalSection(SolutionConfigurationPlatforms) = preSolution
		Debug|Any CPU = Debug|Any CPU
		Release|Any CPU = Release|Any CPU
	EndGlobalSection
	GlobalSection(ProjectConfigurationPlatforms) = postSolution
		{7214E70E-D380-DF29-2C62-E26E01A564BF}.Debug|Any CPU.ActiveCfg = Debug|Any CPU
		{7214E70E-D380-DF29-2C62-E26E01A564BF}.Debug|Any CPU.Build.0 = Debug|Any CPU
		{7214E70E-D380-DF29-2C62-E26E01A564BF}.Release|Any CPU.ActiveCfg = Release|Any CPU
		{7214E70E-D380-DF29-2C62-E26E01A564BF}.Release|Any CPU.Build.0 = Release|Any CPU
	EndGlobalSection
	GlobalSection(SolutionProperties) = preSolution
		HideSolutionNode = FALSE
	EndGlobalSection
EndGlobal
